
Microsoft Visual Studio Solution File, Format Version 12.00
# Visual Studio 2013
VisualStudioVersion = 12.0.31101.0
MinimumVisualStudioVersion = 10.0.40219.1
Project("{FAE04EC0-301F-11D3-BF4B-00C04F79EFBC}") = "idpaServer", "Server\idpaClient\idpaServer.csproj", "{F077087F-D3CD-4E5C-BF59-014B38B24297}"
EndProject
Project("{FAE04EC0-301F-11D3-BF4B-00C04F79EFBC}") = "IdpaClient", "Client\IdpaClient\IdpaClient\IdpaClient.csproj", "{00DC5F9F-589C-46A9-B3CF-8D5B2C1FC4E2}"
EndProject
Global
	GlobalSection(SolutionConfigurationPlatforms) = preSolution
		CD_ROM|Any CPU = CD_ROM|Any CPU
		Debug|Any CPU = Debug|Any CPU
		DVD-5|Any CPU = DVD-5|Any CPU
		Release|Any CPU = Release|Any CPU
		SingleImage|Any CPU = SingleImage|Any CPU
	EndGlobalSection
	GlobalSection(ProjectConfigurationPlatforms) = postSolution
		{F077087F-D3CD-4E5C-BF59-014B38B24297}.CD_ROM|Any CPU.ActiveCfg = Release|Any CPU
		{F077087F-D3CD-4E5C-BF59-014B38B24297}.CD_ROM|Any CPU.Build.0 = Release|Any CPU
		{F077087F-D3CD-4E5C-BF59-014B38B24297}.Debug|Any CPU.ActiveCfg = Debug|Any CPU
		{F077087F-D3CD-4E5C-BF59-014B38B24297}.Debug|Any CPU.Build.0 = Debug|Any CPU
		{F077087F-D3CD-4E5C-BF59-014B38B24297}.DVD-5|Any CPU.ActiveCfg = Debug|Any CPU
		{F077087F-D3CD-4E5C-BF59-014B38B24297}.DVD-5|Any CPU.Build.0 = Debug|Any CPU
		{F077087F-D3CD-4E5C-BF59-014B38B24297}.Release|Any CPU.ActiveCfg = Release|Any CPU
		{F077087F-D3CD-4E5C-BF59-014B38B24297}.Release|Any CPU.Build.0 = Release|Any CPU
		{F077087F-D3CD-4E5C-BF59-014B38B24297}.SingleImage|Any CPU.ActiveCfg = Release|Any CPU
		{F077087F-D3CD-4E5C-BF59-014B38B24297}.SingleImage|Any CPU.Build.0 = Release|Any CPU
		{00DC5F9F-589C-46A9-B3CF-8D5B2C1FC4E2}.CD_ROM|Any CPU.ActiveCfg = Release|Any CPU
		{00DC5F9F-589C-46A9-B3CF-8D5B2C1FC4E2}.CD_ROM|Any CPU.Build.0 = Release|Any CPU
		{00DC5F9F-589C-46A9-B3CF-8D5B2C1FC4E2}.Debug|Any CPU.ActiveCfg = Debug|Any CPU
		{00DC5F9F-589C-46A9-B3CF-8D5B2C1FC4E2}.Debug|Any CPU.Build.0 = Debug|Any CPU
		{00DC5F9F-589C-46A9-B3CF-8D5B2C1FC4E2}.DVD-5|Any CPU.ActiveCfg = Debug|Any CPU
		{00DC5F9F-589C-46A9-B3CF-8D5B2C1FC4E2}.DVD-5|Any CPU.Build.0 = Debug|Any CPU
		{00DC5F9F-589C-46A9-B3CF-8D5B2C1FC4E2}.Release|Any CPU.ActiveCfg = Release|Any CPU
		{00DC5F9F-589C-46A9-B3CF-8D5B2C1FC4E2}.Release|Any CPU.Build.0 = Release|Any CPU
		{00DC5F9F-589C-46A9-B3CF-8D5B2C1FC4E2}.SingleImage|Any CPU.ActiveCfg = Release|Any CPU
		{00DC5F9F-589C-46A9-B3CF-8D5B2C1FC4E2}.SingleImage|Any CPU.Build.0 = Release|Any CPU
	EndGlobalSection
	GlobalSection(SolutionProperties) = preSolution
		HideSolutionNode = FALSE
	EndGlobalSection
EndGlobal
